
Microsoft Visual Studio Solution File, Format Version 12.00
# Visual Studio Version 17
VisualStudioVersion = 17.11.35312.102
MinimumVisualStudioVersion = 10.0.40219.1
Project("{9A19103F-16F7-4668-BE54-9A1E7A4F7556}") = "StayScanner.Api", "StayScanner.Api\StayScanner.Api.csproj", "{44BBA9B4-9398-4722-A10A-4C2430FDBE29}"
EndProject
Project("{2150E333-8FDC-42A3-9474-1A3956D46DE8}") = "HotelService", "HotelService", "{C608BDAB-85C0-4D32-873E-69C975248DFC}"
EndProject
Project("{2150E333-8FDC-42A3-9474-1A3956D46DE8}") = "ReportService", "ReportService", "{734A3CA7-081A-447F-837E-0B12386BC2AE}"
EndProject
Project("{9A19103F-16F7-4668-BE54-9A1E7A4F7556}") = "Hotel.Infrastructure", "Hotel.Infrastructure\Hotel.Infrastructure.csproj", "{8049A845-30B6-4253-BCD3-CF82BE771B53}"
EndProject
Project("{9A19103F-16F7-4668-BE54-9A1E7A4F7556}") = "Hotel.Domain", "Hotel.Domain\Hotel.Domain.csproj", "{CD976C05-D0E2-4AB4-8512-E4FB4E6A6471}"
EndProject
Project("{9A19103F-16F7-4668-BE54-9A1E7A4F7556}") = "Hotel.Application", "Hotel.Application\Hotel.Application.csproj", "{ED60398E-1987-4FB6-A28F-0D0B2D2C38AA}"
EndProject
Project("{9A19103F-16F7-4668-BE54-9A1E7A4F7556}") = "Report.Application", "Report.Application\Report.Application.csproj", "{0DD2C7CE-7478-4AC6-AFBF-BA4B0061DCBE}"
EndProject
Project("{9A19103F-16F7-4668-BE54-9A1E7A4F7556}") = "Report.Domain", "Report.Domain\Report.Domain.csproj", "{065FD9B5-30A6-4F7A-826D-633EF90D3F7C}"
EndProject
Project("{9A19103F-16F7-4668-BE54-9A1E7A4F7556}") = "Report.Infrastructure", "Report.Infrastructure\Report.Infrastructure.csproj", "{16AB4481-748B-44DA-B683-2419F7FE6392}"
EndProject
Project("{E53339B2-1760-4266-BCC7-CA923CBCF16C}") = "docker-compose", "docker-compose.dcproj", "{DA37D378-3417-4F44-98FD-8B06A0A1FBB2}"
EndProject
Project("{2150E333-8FDC-42A3-9474-1A3956D46DE8}") = "tests", "tests", "{0A608D31-8882-48E9-B669-494CFE351C6E}"
EndProject
Project("{FAE04EC0-301F-11D3-BF4B-00C04F79EFBC}") = "Hotel.UnitTest", "..\HotelService.UnitTest\Hotel.UnitTest.csproj", "{1ACAAFBF-329B-481F-808C-EE77EB1FC821}"
EndProject
Global
	GlobalSection(SolutionConfigurationPlatforms) = preSolution
		Debug|Any CPU = Debug|Any CPU
		Release|Any CPU = Release|Any CPU
	EndGlobalSection
	GlobalSection(ProjectConfigurationPlatforms) = postSolution
		{44BBA9B4-9398-4722-A10A-4C2430FDBE29}.Debug|Any CPU.ActiveCfg = Debug|Any CPU
		{44BBA9B4-9398-4722-A10A-4C2430FDBE29}.Debug|Any CPU.Build.0 = Debug|Any CPU
		{44BBA9B4-9398-4722-A10A-4C2430FDBE29}.Release|Any CPU.ActiveCfg = Release|Any CPU
		{44BBA9B4-9398-4722-A10A-4C2430FDBE29}.Release|Any CPU.Build.0 = Release|Any CPU
		{8049A845-30B6-4253-BCD3-CF82BE771B53}.Debug|Any CPU.ActiveCfg = Debug|Any CPU
		{8049A845-30B6-4253-BCD3-CF82BE771B53}.Debug|Any CPU.Build.0 = Debug|Any CPU
		{8049A845-30B6-4253-BCD3-CF82BE771B53}.Release|Any CPU.ActiveCfg = Release|Any CPU
		{8049A845-30B6-4253-BCD3-CF82BE771B53}.Release|Any CPU.Build.0 = Release|Any CPU
		{CD976C05-D0E2-4AB4-8512-E4FB4E6A6471}.Debug|Any CPU.ActiveCfg = Debug|Any CPU
		{CD976C05-D0E2-4AB4-8512-E4FB4E6A6471}.Debug|Any CPU.Build.0 = Debug|Any CPU
		{CD976C05-D0E2-4AB4-8512-E4FB4E6A6471}.Release|Any CPU.ActiveCfg = Release|Any CPU
		{CD976C05-D0E2-4AB4-8512-E4FB4E6A6471}.Release|Any CPU.Build.0 = Release|Any CPU
		{ED60398E-1987-4FB6-A28F-0D0B2D2C38AA}.Debug|Any CPU.ActiveCfg = Debug|Any CPU
		{ED60398E-1987-4FB6-A28F-0D0B2D2C38AA}.Debug|Any CPU.Build.0 = Debug|Any CPU
		{ED60398E-1987-4FB6-A28F-0D0B2D2C38AA}.Release|Any CPU.ActiveCfg = Release|Any CPU
		{ED60398E-1987-4FB6-A28F-0D0B2D2C38AA}.Release|Any CPU.Build.0 = Release|Any CPU
		{0DD2C7CE-7478-4AC6-AFBF-BA4B0061DCBE}.Debug|Any CPU.ActiveCfg = Debug|Any CPU
		{0DD2C7CE-7478-4AC6-AFBF-BA4B0061DCBE}.Debug|Any CPU.Build.0 = Debug|Any CPU
		{0DD2C7CE-7478-4AC6-AFBF-BA4B0061DCBE}.Release|Any CPU.ActiveCfg = Release|Any CPU
		{0DD2C7CE-7478-4AC6-AFBF-BA4B0061DCBE}.Release|Any CPU.Build.0 = Release|Any CPU
		{065FD9B5-30A6-4F7A-826D-633EF90D3F7C}.Debug|Any CPU.ActiveCfg = Debug|Any CPU
		{065FD9B5-30A6-4F7A-826D-633EF90D3F7C}.Debug|Any CPU.Build.0 = Debug|Any CPU
		{065FD9B5-30A6-4F7A-826D-633EF90D3F7C}.Release|Any CPU.ActiveCfg = Release|Any CPU
		{065FD9B5-30A6-4F7A-826D-633EF90D3F7C}.Release|Any CPU.Build.0 = Release|Any CPU
		{16AB4481-748B-44DA-B683-2419F7FE6392}.Debug|Any CPU.ActiveCfg = Debug|Any CPU
		{16AB4481-748B-44DA-B683-2419F7FE6392}.Debug|Any CPU.Build.0 = Debug|Any CPU
		{16AB4481-748B-44DA-B683-2419F7FE6392}.Release|Any CPU.ActiveCfg = Release|Any CPU
		{16AB4481-748B-44DA-B683-2419F7FE6392}.Release|Any CPU.Build.0 = Release|Any CPU
		{DA37D378-3417-4F44-98FD-8B06A0A1FBB2}.Debug|Any CPU.ActiveCfg = Debug|Any CPU
		{DA37D378-3417-4F44-98FD-8B06A0A1FBB2}.Debug|Any CPU.Build.0 = Debug|Any CPU
		{DA37D378-3417-4F44-98FD-8B06A0A1FBB2}.Release|Any CPU.ActiveCfg = Release|Any CPU
		{DA37D378-3417-4F44-98FD-8B06A0A1FBB2}.Release|Any CPU.Build.0 = Release|Any CPU
		{1ACAAFBF-329B-481F-808C-EE77EB1FC821}.Debug|Any CPU.ActiveCfg = Debug|Any CPU
		{1ACAAFBF-329B-481F-808C-EE77EB1FC821}.Debug|Any CPU.Build.0 = Debug|Any CPU
		{1ACAAFBF-329B-481F-808C-EE77EB1FC821}.Release|Any CPU.ActiveCfg = Release|Any CPU
		{1ACAAFBF-329B-481F-808C-EE77EB1FC821}.Release|Any CPU.Build.0 = Release|Any CPU
	EndGlobalSection
	GlobalSection(SolutionProperties) = preSolution
		HideSolutionNode = FALSE
	EndGlobalSection
	GlobalSection(NestedProjects) = preSolution
		{8049A845-30B6-4253-BCD3-CF82BE771B53} = {C608BDAB-85C0-4D32-873E-69C975248DFC}
		{CD976C05-D0E2-4AB4-8512-E4FB4E6A6471} = {C608BDAB-85C0-4D32-873E-69C975248DFC}
		{ED60398E-1987-4FB6-A28F-0D0B2D2C38AA} = {C608BDAB-85C0-4D32-873E-69C975248DFC}
		{0DD2C7CE-7478-4AC6-AFBF-BA4B0061DCBE} = {734A3CA7-081A-447F-837E-0B12386BC2AE}
		{065FD9B5-30A6-4F7A-826D-633EF90D3F7C} = {734A3CA7-081A-447F-837E-0B12386BC2AE}
		{16AB4481-748B-44DA-B683-2419F7FE6392} = {734A3CA7-081A-447F-837E-0B12386BC2AE}
		{1ACAAFBF-329B-481F-808C-EE77EB1FC821} = {0A608D31-8882-48E9-B669-494CFE351C6E}
	EndGlobalSection
	GlobalSection(ExtensibilityGlobals) = postSolution
		SolutionGuid = {FBFA714C-02D2-439B-A857-32660CC63F3C}
	EndGlobalSection
EndGlobal
